
Microsoft Visual Studio Solution File, Format Version 12.00
# Visual Studio Version 17
VisualStudioVersion = 17.13.35931.197 d17.13
MinimumVisualStudioVersion = 10.0.40219.1
Project("{FAE04EC0-301F-11D3-BF4B-00C04F79EFBC}") = "OmanClinicAppointmentSystem", "OmanClinicAppointmentSystem\OmanClinicAppointmentSystem.csproj", "{99F177D8-F1D3-4ACE-B988-9364AF7128BC}"
EndProject
Global
	GlobalSection(SolutionConfigurationPlatforms) = preSolution
		Debug|Any CPU = Debug|Any CPU
		Release|Any CPU = Release|Any CPU
	EndGlobalSection
	GlobalSection(ProjectConfigurationPlatforms) = postSolution
		{99F177D8-F1D3-4ACE-B988-9364AF7128BC}.Debug|Any CPU.ActiveCfg = Debug|Any CPU
		{99F177D8-F1D3-4ACE-B988-9364AF7128BC}.Debug|Any CPU.Build.0 = Debug|Any CPU
		{99F177D8-F1D3-4ACE-B988-9364AF7128BC}.Release|Any CPU.ActiveCfg = Release|Any CPU
		{99F177D8-F1D3-4ACE-B988-9364AF7128BC}.Release|Any CPU.Build.0 = Release|Any CPU
	EndGlobalSection
	GlobalSection(SolutionProperties) = preSolution
		HideSolutionNode = FALSE
	EndGlobalSection
	GlobalSection(ExtensibilityGlobals) = postSolution
		SolutionGuid = {3DD80781-C8A0-4F43-8E5F-28092736A126}
	EndGlobalSection
EndGlobal
